
Microsoft Visual Studio Solution File, Format Version 12.00
# Visual Studio Version 17
Project("{8BC9CEB8-8B4A-11D0-8D11-00A0C91BC942}") = "ALL_BUILD", "ALL_BUILD.vcxproj", "{6E714FCC-C294-3933-8F83-A14ABB0B6E4A}"
	ProjectSection(ProjectDependencies) = postProject
		{B5020506-EE6D-3B4B-9C09-C40DECB9E287} = {B5020506-EE6D-3B4B-9C09-C40DECB9E287}
		{31928374-D59C-3EAF-B79E-B291743C1023} = {31928374-D59C-3EAF-B79E-B291743C1023}
		{74264D74-D18A-3B95-B8D8-C27D5845DFB4} = {74264D74-D18A-3B95-B8D8-C27D5845DFB4}
		{0A11200C-07A6-3364-A782-D48C2F615D56} = {0A11200C-07A6-3364-A782-D48C2F615D56}
		{B022B41A-D5B3-309C-9026-484308569EAC} = {B022B41A-D5B3-309C-9026-484308569EAC}
		{44B56016-9796-34F7-829E-6936DC09D2EC} = {44B56016-9796-34F7-829E-6936DC09D2EC}
		{BEAF92C5-997D-3D6E-9DAB-DD7A359700CA} = {BEAF92C5-997D-3D6E-9DAB-DD7A359700CA}
	EndProjectSection
EndProject
Project("{8BC9CEB8-8B4A-11D0-8D11-00A0C91BC942}") = "INSTALL", "INSTALL.vcxproj", "{56360C30-9D67-322F-847A-1E8438C9410B}"
	ProjectSection(ProjectDependencies) = postProject
		{6E714FCC-C294-3933-8F83-A14ABB0B6E4A} = {6E714FCC-C294-3933-8F83-A14ABB0B6E4A}
		{B5020506-EE6D-3B4B-9C09-C40DECB9E287} = {B5020506-EE6D-3B4B-9C09-C40DECB9E287}
	EndProjectSection
EndProject
Project("{8BC9CEB8-8B4A-11D0-8D11-00A0C91BC942}") = "RUN_TESTS", "RUN_TESTS.vcxproj", "{EC86DCEE-4ACE-32D2-85C2-A82E4CA31FB1}"
	ProjectSection(ProjectDependencies) = postProject
		{B5020506-EE6D-3B4B-9C09-C40DECB9E287} = {B5020506-EE6D-3B4B-9C09-C40DECB9E287}
	EndProjectSection
EndProject
Project("{8BC9CEB8-8B4A-11D0-8D11-00A0C91BC942}") = "ZERO_CHECK", "ZERO_CHECK.vcxproj", "{B5020506-EE6D-3B4B-9C09-C40DECB9E287}"
	ProjectSection(ProjectDependencies) = postProject
	EndProjectSection
EndProject
Project("{8BC9CEB8-8B4A-11D0-8D11-00A0C91BC942}") = "mnist_train", "examples\mnist_train.vcxproj", "{31928374-D59C-3EAF-B79E-B291743C1023}"
	ProjectSection(ProjectDependencies) = postProject
		{B5020506-EE6D-3B4B-9C09-C40DECB9E287} = {B5020506-EE6D-3B4B-9C09-C40DECB9E287}
		{74264D74-D18A-3B95-B8D8-C27D5845DFB4} = {74264D74-D18A-3B95-B8D8-C27D5845DFB4}
	EndProjectSection
EndProject
Project("{8BC9CEB8-8B4A-11D0-8D11-00A0C91BC942}") = "neuralnet", "neuralnet.vcxproj", "{74264D74-D18A-3B95-B8D8-C27D5845DFB4}"
	ProjectSection(ProjectDependencies) = postProject
		{B5020506-EE6D-3B4B-9C09-C40DECB9E287} = {B5020506-EE6D-3B4B-9C09-C40DECB9E287}
	EndProjectSection
EndProject
Project("{8BC9CEB8-8B4A-11D0-8D11-00A0C91BC942}") = "test_activation", "tests\test_activation.vcxproj", "{0A11200C-07A6-3364-A782-D48C2F615D56}"
	ProjectSection(ProjectDependencies) = postProject
		{B5020506-EE6D-3B4B-9C09-C40DECB9E287} = {B5020506-EE6D-3B4B-9C09-C40DECB9E287}
		{74264D74-D18A-3B95-B8D8-C27D5845DFB4} = {74264D74-D18A-3B95-B8D8-C27D5845DFB4}
	EndProjectSection
EndProject
Project("{8BC9CEB8-8B4A-11D0-8D11-00A0C91BC942}") = "test_matrix", "tests\test_matrix.vcxproj", "{B022B41A-D5B3-309C-9026-484308569EAC}"
	ProjectSection(ProjectDependencies) = postProject
		{B5020506-EE6D-3B4B-9C09-C40DECB9E287} = {B5020506-EE6D-3B4B-9C09-C40DECB9E287}
		{74264D74-D18A-3B95-B8D8-C27D5845DFB4} = {74264D74-D18A-3B95-B8D8-C27D5845DFB4}
	EndProjectSection
EndProject
Project("{8BC9CEB8-8B4A-11D0-8D11-00A0C91BC942}") = "test_network", "tests\test_network.vcxproj", "{44B56016-9796-34F7-829E-6936DC09D2EC}"
	ProjectSection(ProjectDependencies) = postProject
		{B5020506-EE6D-3B4B-9C09-C40DECB9E287} = {B5020506-EE6D-3B4B-9C09-C40DECB9E287}
		{74264D74-D18A-3B95-B8D8-C27D5845DFB4} = {74264D74-D18A-3B95-B8D8-C27D5845DFB4}
	EndProjectSection
EndProject
Project("{8BC9CEB8-8B4A-11D0-8D11-00A0C91BC942}") = "xor_example", "examples\xor_example.vcxproj", "{BEAF92C5-997D-3D6E-9DAB-DD7A359700CA}"
	ProjectSection(ProjectDependencies) = postProject
		{B5020506-EE6D-3B4B-9C09-C40DECB9E287} = {B5020506-EE6D-3B4B-9C09-C40DECB9E287}
		{74264D74-D18A-3B95-B8D8-C27D5845DFB4} = {74264D74-D18A-3B95-B8D8-C27D5845DFB4}
	EndProjectSection
EndProject
Global
	GlobalSection(SolutionConfigurationPlatforms) = preSolution
		Debug|x64 = Debug|x64
		Release|x64 = Release|x64
		MinSizeRel|x64 = MinSizeRel|x64
		RelWithDebInfo|x64 = RelWithDebInfo|x64
	EndGlobalSection
	GlobalSection(ProjectConfigurationPlatforms) = postSolution
		{6E714FCC-C294-3933-8F83-A14ABB0B6E4A}.Debug|x64.ActiveCfg = Debug|x64
		{6E714FCC-C294-3933-8F83-A14ABB0B6E4A}.Debug|x64.Build.0 = Debug|x64
		{6E714FCC-C294-3933-8F83-A14ABB0B6E4A}.Release|x64.ActiveCfg = Release|x64
		{6E714FCC-C294-3933-8F83-A14ABB0B6E4A}.Release|x64.Build.0 = Release|x64
		{6E714FCC-C294-3933-8F83-A14ABB0B6E4A}.MinSizeRel|x64.ActiveCfg = MinSizeRel|x64
		{6E714FCC-C294-3933-8F83-A14ABB0B6E4A}.MinSizeRel|x64.Build.0 = MinSizeRel|x64
		{6E714FCC-C294-3933-8F83-A14ABB0B6E4A}.RelWithDebInfo|x64.ActiveCfg = RelWithDebInfo|x64
		{6E714FCC-C294-3933-8F83-A14ABB0B6E4A}.RelWithDebInfo|x64.Build.0 = RelWithDebInfo|x64
		{56360C30-9D67-322F-847A-1E8438C9410B}.Debug|x64.ActiveCfg = Debug|x64
		{56360C30-9D67-322F-847A-1E8438C9410B}.Release|x64.ActiveCfg = Release|x64
		{56360C30-9D67-322F-847A-1E8438C9410B}.MinSizeRel|x64.ActiveCfg = MinSizeRel|x64
		{56360C30-9D67-322F-847A-1E8438C9410B}.RelWithDebInfo|x64.ActiveCfg = RelWithDebInfo|x64
		{EC86DCEE-4ACE-32D2-85C2-A82E4CA31FB1}.Debug|x64.ActiveCfg = Debug|x64
		{EC86DCEE-4ACE-32D2-85C2-A82E4CA31FB1}.Release|x64.ActiveCfg = Release|x64
		{EC86DCEE-4ACE-32D2-85C2-A82E4CA31FB1}.MinSizeRel|x64.ActiveCfg = MinSizeRel|x64
		{EC86DCEE-4ACE-32D2-85C2-A82E4CA31FB1}.RelWithDebInfo|x64.ActiveCfg = RelWithDebInfo|x64
		{B5020506-EE6D-3B4B-9C09-C40DECB9E287}.Debug|x64.ActiveCfg = Debug|x64
		{B5020506-EE6D-3B4B-9C09-C40DECB9E287}.Debug|x64.Build.0 = Debug|x64
		{B5020506-EE6D-3B4B-9C09-C40DECB9E287}.Release|x64.ActiveCfg = Release|x64
		{B5020506-EE6D-3B4B-9C09-C40DECB9E287}.Release|x64.Build.0 = Release|x64
		{B5020506-EE6D-3B4B-9C09-C40DECB9E287}.MinSizeRel|x64.ActiveCfg = MinSizeRel|x64
		{B5020506-EE6D-3B4B-9C09-C40DECB9E287}.MinSizeRel|x64.Build.0 = MinSizeRel|x64
		{B5020506-EE6D-3B4B-9C09-C40DECB9E287}.RelWithDebInfo|x64.ActiveCfg = RelWithDebInfo|x64
		{B5020506-EE6D-3B4B-9C09-C40DECB9E287}.RelWithDebInfo|x64.Build.0 = RelWithDebInfo|x64
		{31928374-D59C-3EAF-B79E-B291743C1023}.Debug|x64.ActiveCfg = Debug|x64
		{31928374-D59C-3EAF-B79E-B291743C1023}.Debug|x64.Build.0 = Debug|x64
		{31928374-D59C-3EAF-B79E-B291743C1023}.Release|x64.ActiveCfg = Release|x64
		{31928374-D59C-3EAF-B79E-B291743C1023}.Release|x64.Build.0 = Release|x64
		{31928374-D59C-3EAF-B79E-B291743C1023}.MinSizeRel|x64.ActiveCfg = MinSizeRel|x64
		{31928374-D59C-3EAF-B79E-B291743C1023}.MinSizeRel|x64.Build.0 = MinSizeRel|x64
		{31928374-D59C-3EAF-B79E-B291743C1023}.RelWithDebInfo|x64.ActiveCfg = RelWithDebInfo|x64
		{31928374-D59C-3EAF-B79E-B291743C1023}.RelWithDebInfo|x64.Build.0 = RelWithDebInfo|x64
		{74264D74-D18A-3B95-B8D8-C27D5845DFB4}.Debug|x64.ActiveCfg = Debug|x64
		{74264D74-D18A-3B95-B8D8-C27D5845DFB4}.Debug|x64.Build.0 = Debug|x64
		{74264D74-D18A-3B95-B8D8-C27D5845DFB4}.Release|x64.ActiveCfg = Release|x64
		{74264D74-D18A-3B95-B8D8-C27D5845DFB4}.Release|x64.Build.0 = Release|x64
		{74264D74-D18A-3B95-B8D8-C27D5845DFB4}.MinSizeRel|x64.ActiveCfg = MinSizeRel|x64
		{74264D74-D18A-3B95-B8D8-C27D5845DFB4}.MinSizeRel|x64.Build.0 = MinSizeRel|x64
		{74264D74-D18A-3B95-B8D8-C27D5845DFB4}.RelWithDebInfo|x64.ActiveCfg = RelWithDebInfo|x64
		{74264D74-D18A-3B95-B8D8-C27D5845DFB4}.RelWithDebInfo|x64.Build.0 = RelWithDebInfo|x64
		{0A11200C-07A6-3364-A782-D48C2F615D56}.Debug|x64.ActiveCfg = Debug|x64
		{0A11200C-07A6-3364-A782-D48C2F615D56}.Debug|x64.Build.0 = Debug|x64
		{0A11200C-07A6-3364-A782-D48C2F615D56}.Release|x64.ActiveCfg = Release|x64
		{0A11200C-07A6-3364-A782-D48C2F615D56}.Release|x64.Build.0 = Release|x64
		{0A11200C-07A6-3364-A782-D48C2F615D56}.MinSizeRel|x64.ActiveCfg = MinSizeRel|x64
		{0A11200C-07A6-3364-A782-D48C2F615D56}.MinSizeRel|x64.Build.0 = MinSizeRel|x64
		{0A11200C-07A6-3364-A782-D48C2F615D56}.RelWithDebInfo|x64.ActiveCfg = RelWithDebInfo|x64
		{0A11200C-07A6-3364-A782-D48C2F615D56}.RelWithDebInfo|x64.Build.0 = RelWithDebInfo|x64
		{B022B41A-D5B3-309C-9026-484308569EAC}.Debug|x64.ActiveCfg = Debug|x64
		{B022B41A-D5B3-309C-9026-484308569EAC}.Debug|x64.Build.0 = Debug|x64
		{B022B41A-D5B3-309C-9026-484308569EAC}.Release|x64.ActiveCfg = Release|x64
		{B022B41A-D5B3-309C-9026-484308569EAC}.Release|x64.Build.0 = Release|x64
		{B022B41A-D5B3-309C-9026-484308569EAC}.MinSizeRel|x64.ActiveCfg = MinSizeRel|x64
		{B022B41A-D5B3-309C-9026-484308569EAC}.MinSizeRel|x64.Build.0 = MinSizeRel|x64
		{B022B41A-D5B3-309C-9026-484308569EAC}.RelWithDebInfo|x64.ActiveCfg = RelWithDebInfo|x64
		{B022B41A-D5B3-309C-9026-484308569EAC}.RelWithDebInfo|x64.Build.0 = RelWithDebInfo|x64
		{44B56016-9796-34F7-829E-6936DC09D2EC}.Debug|x64.ActiveCfg = Debug|x64
		{44B56016-9796-34F7-829E-6936DC09D2EC}.Debug|x64.Build.0 = Debug|x64
		{44B56016-9796-34F7-829E-6936DC09D2EC}.Release|x64.ActiveCfg = Release|x64
		{44B56016-9796-34F7-829E-6936DC09D2EC}.Release|x64.Build.0 = Release|x64
		{44B56016-9796-34F7-829E-6936DC09D2EC}.MinSizeRel|x64.ActiveCfg = MinSizeRel|x64
		{44B56016-9796-34F7-829E-6936DC09D2EC}.MinSizeRel|x64.Build.0 = MinSizeRel|x64
		{44B56016-9796-34F7-829E-6936DC09D2EC}.RelWithDebInfo|x64.ActiveCfg = RelWithDebInfo|x64
		{44B56016-9796-34F7-829E-6936DC09D2EC}.RelWithDebInfo|x64.Build.0 = RelWithDebInfo|x64
		{BEAF92C5-997D-3D6E-9DAB-DD7A359700CA}.Debug|x64.ActiveCfg = Debug|x64
		{BEAF92C5-997D-3D6E-9DAB-DD7A359700CA}.Debug|x64.Build.0 = Debug|x64
		{BEAF92C5-997D-3D6E-9DAB-DD7A359700CA}.Release|x64.ActiveCfg = Release|x64
		{BEAF92C5-997D-3D6E-9DAB-DD7A359700CA}.Release|x64.Build.0 = Release|x64
		{BEAF92C5-997D-3D6E-9DAB-DD7A359700CA}.MinSizeRel|x64.ActiveCfg = MinSizeRel|x64
		{BEAF92C5-997D-3D6E-9DAB-DD7A359700CA}.MinSizeRel|x64.Build.0 = MinSizeRel|x64
		{BEAF92C5-997D-3D6E-9DAB-DD7A359700CA}.RelWithDebInfo|x64.ActiveCfg = RelWithDebInfo|x64
		{BEAF92C5-997D-3D6E-9DAB-DD7A359700CA}.RelWithDebInfo|x64.Build.0 = RelWithDebInfo|x64
	EndGlobalSection
	GlobalSection(ExtensibilityGlobals) = postSolution
		SolutionGuid = {0038881F-76B8-3E46-8321-292FDE72EA88}
	EndGlobalSection
	GlobalSection(ExtensibilityAddIns) = postSolution
	EndGlobalSection
EndGlobal
