<?xml version="1.0" encoding="utf-8"?>
<Project ToolsVersion="17.0" xmlns="http://schemas.microsoft.com/developer/msbuild/2003">
  <ItemGroup>
    <CustomBuild Include="C:\Users\daris\Documents\Saclay\ReseauDeNeurones\nn\CMakeFiles\82ce0efb328b20952e68bc2f8a4d7651\RUN_TESTS_force.rule">
      <Filter>CMake Rules</Filter>
    </CustomBuild>
  </ItemGroup>
  <ItemGroup>
    <Filter Include="CMake Rules">
      <UniqueIdentifier>{98249F6B-64D7-3645-9439-3FC1B2722C0D}</UniqueIdentifier>
    </Filter>
  </ItemGroup>
</Project>
